
Microsoft Visual Studio Solution File, Format Version 12.00
# Visual Studio 2015
Project("{FAE04EC0-301F-11D3-BF4B-00C04F79EFBC}") = "Zelda-DarkSouls-Skyrim", "Zelda-DarkSouls-Skyrim.csproj", "{20DB760F-A91B-2728-9E51-7F77E9528681}"
EndProject
Project("{FAE04EC0-301F-11D3-BF4B-00C04F79EFBC}") = "Zelda-DarkSouls-Skyrim.Editor", "Zelda-DarkSouls-Skyrim.Editor.csproj", "{C6A9F746-0389-BCD3-9033-2F56C45B8704}"
EndProject
Global
	GlobalSection(SolutionConfigurationPlatforms) = preSolution
		Debug|Any CPU = Debug|Any CPU
		Release|Any CPU = Release|Any CPU
	EndGlobalSection
	GlobalSection(ProjectConfigurationPlatforms) = postSolution
		{20DB760F-A91B-2728-9E51-7F77E9528681}.Debug|Any CPU.ActiveCfg = Debug|Any CPU
		{20DB760F-A91B-2728-9E51-7F77E9528681}.Debug|Any CPU.Build.0 = Debug|Any CPU
		{20DB760F-A91B-2728-9E51-7F77E9528681}.Release|Any CPU.ActiveCfg = Release|Any CPU
		{20DB760F-A91B-2728-9E51-7F77E9528681}.Release|Any CPU.Build.0 = Release|Any CPU
		{C6A9F746-0389-BCD3-9033-2F56C45B8704}.Debug|Any CPU.ActiveCfg = Debug|Any CPU
		{C6A9F746-0389-BCD3-9033-2F56C45B8704}.Debug|Any CPU.Build.0 = Debug|Any CPU
		{C6A9F746-0389-BCD3-9033-2F56C45B8704}.Release|Any CPU.ActiveCfg = Release|Any CPU
		{C6A9F746-0389-BCD3-9033-2F56C45B8704}.Release|Any CPU.Build.0 = Release|Any CPU
	EndGlobalSection
	GlobalSection(SolutionProperties) = preSolution
		HideSolutionNode = FALSE
	EndGlobalSection
EndGlobal
